# THIS IS AN AUTOGENERATED FILE. DO NOT EDIT THIS FILE DIRECTLY.
# yarn lockfile v1


"@sindresorhus/fnv1a@^1.0.0":
  version "1.0.0"
  resolved "https://registry.yarnpkg.com/@sindresorhus/fnv1a/-/fnv1a-1.0.0.tgz#d419dd111b4d7fc3b87f97d86849bc23316149de"
  integrity sha512-n+7NAD9vCDb2PaCRFIGrT2UF8WPIfMgGvCiVsYKY1/eBTrZU80N9erKhX9UTdxyvWhNuxQxwZGzdOIOlt8WqsA==

"@sindresorhus/slugify@^0.3.0":
  version "0.3.0"
  resolved "https://registry.yarnpkg.com/@sindresorhus/slugify/-/slugify-0.3.0.tgz#39ec81f542b4fcaf7f67fbc8916efa990b65e139"
  integrity sha512-kKdS9yWggjFSpTKInwq2hP2X+heBxDeCDF+5D3Xzd+b3yALPHgqLtGzzPiONeXDke7+QFVUkOpReCmU23XQscA==
  dependencies:
    escape-string-regexp "^1.0.5"
    lodash.deburr "^4.1.0"

"@sindresorhus/string-hash@^1.0.0":
  version "1.0.0"
  resolved "https://registry.yarnpkg.com/@sindresorhus/string-hash/-/string-hash-1.0.0.tgz#ec26f7de627ec88b5737c6e5102516de42d25a4a"
  integrity sha512-f+MXwrsBBcicamPLVcvfoc1SBXLRRwRGe0atZlJFRypb6CKoODYwElIQLFuilFoD+7YWdjX42Lfx6mC0ClMKgw==
  dependencies:
    "@sindresorhus/fnv1a" "^1.0.0"

ansi-styles@^3.2.1:
  version "3.2.1"
  resolved "https://registry.yarnpkg.com/ansi-styles/-/ansi-styles-3.2.1.tgz#41fbb20243e50b12be0f04b8dedbf07520ce841d"
  integrity sha512-VT0ZI6kZRdTh8YyJw3SMbYm/u+NqfsAxEpWO0Pf9sq8/e94WxxOpPKx9FR1FlyCtOVDNOQ+8ntlqFxiRc+r5qA==
  dependencies:
    color-convert "^1.9.0"

argparse@^1.0.2, argparse@^1.0.7:
  version "1.0.10"
  resolved "https://registry.yarnpkg.com/argparse/-/argparse-1.0.10.tgz#bcd6791ea5ae09725e17e5ad988134cd40b3d911"
  integrity sha512-o5Roy6tNG4SL/FOkCAN6RzjiakZS25RLYFrcMttJqbdd8BWrnA+fGz57iN5Pb06pvBGvl5gQ0B48dJlslXvoTg==
  dependencies:
    sprintf-js "~1.0.2"

array-union@^1.0.1:
  version "1.0.2"
  resolved "https://registry.yarnpkg.com/array-union/-/array-union-1.0.2.tgz#9a34410e4f4e3da23dea375be5be70f24778ec39"
  integrity sha1-mjRBDk9OPaI96jdb5b5w8kd47Dk=
  dependencies:
    array-uniq "^1.0.1"

array-uniq@^1.0.1:
  version "1.0.3"
  resolved "https://registry.yarnpkg.com/array-uniq/-/array-uniq-1.0.3.tgz#af6ac877a25cc7f74e058894753858dfdb24fdb6"
  integrity sha1-r2rId6Jcx/dOBYiUdThY39sk/bY=

auto-bind@^1.2.0:
  version "1.2.0"
  resolved "https://registry.yarnpkg.com/auto-bind/-/auto-bind-1.2.0.tgz#8b7e318aad53d43ba8a8ecaf0066d85d5f798cd6"
  integrity sha512-Zw7pZp7tztvKnWWtoII4AmqH5a2PV3ZN5F0BPRTGcc1kpRm4b6QXQnPU7Znbl6BfPfqOVOV29g4JeMqZQaqqOA==

balanced-match@^1.0.0:
  version "1.0.0"
  resolved "https://registry.yarnpkg.com/balanced-match/-/balanced-match-1.0.0.tgz#89b4d199ab2bee49de164ea02b89ce462d71b767"
  integrity sha1-ibTRmasr7kneFk6gK4nORi1xt2c=

bluebird-lst@^1.0.6:
  version "1.0.6"
  resolved "https://registry.yarnpkg.com/bluebird-lst/-/bluebird-lst-1.0.6.tgz#89bc4de0a357373605c8781f293f7b06d454f869"
  integrity sha512-CBWFoPuUPpcvMUxfyr8DKdI5d4kjxFl1h39+VbKxP3KJWJHEsLtuT4pPLkjpxCGU6Ask21tvbnftWXdqIxYldQ==
  dependencies:
    bluebird "^3.5.2"

bluebird@^3.5.2:
  version "3.5.3"
  resolved "https://registry.yarnpkg.com/bluebird/-/bluebird-3.5.3.tgz#7d01c6f9616c9a51ab0f8c549a79dfe6ec33efa7"
  integrity sha512-/qKPUQlaW1OyR51WeCPBvRnAlnZFUJkCSG5HzGnuIqhgyJtF+T94lFnn33eiazjRm2LAHVy2guNnaq48X9SJuw==

brace-expansion@^1.1.7:
  version "1.1.11"
  resolved "https://registry.yarnpkg.com/brace-expansion/-/brace-expansion-1.1.11.tgz#3c7fcbf529d87226f3d2f52b966ff5271eb441dd"
  integrity sha512-iCuPHDFgrHX7H2vEI/5xpz07zSHB00TpugqhmYtVmMO6518mCuRMoOYFldEBl0g187ufozdaHgWKcYFb61qGiA==
  dependencies:
    balanced-match "^1.0.0"
    concat-map "0.0.1"

buffer-from@^1.0.0:
  version "1.0.0"
  resolved "https://registry.yarnpkg.com/buffer-from/-/buffer-from-1.0.0.tgz#4cb8832d23612589b0406e9e2956c17f06fdf531"
  integrity sha512-83apNb8KK0Se60UE1+4Ukbe3HbfELJ6UlI4ldtOGs7So4KD26orJM8hIY9lxdzP+UpItH1Yh/Y8GUvNFWFFRxA==

builder-util-runtime@~7.1.0:
  version "7.1.0"
  resolved "https://registry.yarnpkg.com/builder-util-runtime/-/builder-util-runtime-7.1.0.tgz#f0bf1f247d0eb79ea8a20d0c9178ffa0daf98a80"
  integrity sha512-TAsx651+q6bXYry21SzQblYQBUlfu4ixbDa6k2Nvts+kHO9ajyr0gDuHJsamxBaAyUUi5EldPABqsFERDEK3Hg==
  dependencies:
    bluebird-lst "^1.0.6"
    debug "^4.1.0"
    fs-extra-p "^7.0.0"
    sax "^1.2.4"

chalk@^2.4.1:
  version "2.4.1"
  resolved "https://registry.yarnpkg.com/chalk/-/chalk-2.4.1.tgz#18c49ab16a037b6eb0152cc83e3471338215b66e"
  integrity sha512-ObN6h1v2fTJSmUXoS3nMQ92LbDK9be4TV+6G+omQlGJFdcUX5heKi1LZ1YnRMIgwTLEj3E24bT6tYni50rlCfQ==
  dependencies:
    ansi-styles "^3.2.1"
    escape-string-regexp "^1.0.5"
    supports-color "^5.3.0"

cipher-base@^1.0.1, cipher-base@^1.0.3:
  version "1.0.4"
  resolved "https://registry.yarnpkg.com/cipher-base/-/cipher-base-1.0.4.tgz#8760e4ecc272f4c363532f926d874aae2c1397de"
  integrity sha512-Kkht5ye6ZGmwv40uUDZztayT2ThLQGfnj/T71N/XzeZeo3nf8foyW7zGTsPYkEya3m5f3cAypH+qe7YOrM1U2Q==
  dependencies:
    inherits "^2.0.1"
    safe-buffer "^5.0.1"

clean-stack@^2.0.0:
  version "2.0.0"
  resolved "https://registry.yarnpkg.com/clean-stack/-/clean-stack-2.0.0.tgz#301bfa9e8dd2d3d984c0e542f7aa67b996f63e0a"
  integrity sha512-VEoL9Qh7I8s8iHnV53DaeWSt8NJ0g3khMfK6NiCPB7H657juhro+cSw2O88uo3bo0c0X5usamtXk0/Of0wXa5A==

coinlist@^3.1.1:
  version "3.1.1"
  resolved "https://registry.yarnpkg.com/coinlist/-/coinlist-3.1.1.tgz#4de9b401ec74bdf9a86d4c7d2d7e7a2e883e0e8e"
  integrity sha512-If8gEhRNPaUXx60wAyCWHUNkaiB86ZGf7H61JnJTSulM0ijA3C9+3MPJ+Jgoq63eFqW4IXeCONrHQJHQgvOtbA==

color-convert@^1.9.0, color-convert@^1.9.1:
  version "1.9.1"
  resolved "https://registry.yarnpkg.com/color-convert/-/color-convert-1.9.1.tgz#c1261107aeb2f294ebffec9ed9ecad529a6097ed"
  integrity sha512-mjGanIiwQJskCC18rPR6OmrZ6fm2Lc7PeGFYwCmy5J34wC6F1PzdGL6xeMfmgicfYcNLGuVFA3WzXtIDCQSZxQ==
  dependencies:
    color-name "^1.1.1"

color-name@^1.0.0, color-name@^1.1.1:
  version "1.1.3"
  resolved "https://registry.yarnpkg.com/color-name/-/color-name-1.1.3.tgz#a7d0558bd89c42f795dd42328f740831ca53bc25"
  integrity sha1-p9BVi9icQveV3UIyj3QIMcpTvCU=

color-string@^1.5.2:
  version "1.5.2"
  resolved "https://registry.yarnpkg.com/color-string/-/color-string-1.5.2.tgz#26e45814bc3c9a7cbd6751648a41434514a773a9"
  integrity sha1-JuRYFLw8mny9Z1FkikFDRRSnc6k=
  dependencies:
    color-name "^1.0.0"
    simple-swizzle "^0.2.2"

color@^2.0.1:
  version "2.0.1"
  resolved "https://registry.yarnpkg.com/color/-/color-2.0.1.tgz#e4ed78a3c4603d0891eba5430b04b86314f4c839"
  integrity sha512-ubUCVVKfT7r2w2D3qtHakj8mbmKms+tThR8gI8zEYCbUBl8/voqFGt3kgBqGwXAopgXybnkuOq+qMYCRrp4cXw==
  dependencies:
    color-convert "^1.9.1"
    color-string "^1.5.2"

concat-map@0.0.1:
  version "0.0.1"
  resolved "https://registry.yarnpkg.com/concat-map/-/concat-map-0.0.1.tgz#d8a96bd77fd68df7793a73036a3ba0d5405d477b"
  integrity sha1-2Klr13/Wjfd5OnMDajug1UBdR3s=

conf@^2.0.0:
  version "2.0.0"
  resolved "https://registry.yarnpkg.com/conf/-/conf-2.0.0.tgz#43f7e282b32faca31f4d18bf279d6841ad657d5a"
  integrity sha512-iCLzBsGFi8S73EANsEJZz0JnJ/e5VZef/kSaxydYZLAvw0rFNAUx5R7K5leC/CXXR2mZfXWhUvcZOO/dM2D5xg==
  dependencies:
    dot-prop "^4.1.0"
    env-paths "^1.0.0"
    make-dir "^1.0.0"
    pkg-up "^2.0.0"
    write-file-atomic "^2.3.0"

core-util-is@~1.0.0:
  version "1.0.2"
  resolved "https://registry.yarnpkg.com/core-util-is/-/core-util-is-1.0.2.tgz#b5fd54220aa2bc5ab57aab7140c940754503c1a7"
  integrity sha1-tf1UIgqivFq1eqtxQMlAdUUDwac=

create-hash@^1.1.0, create-hash@^1.1.2:
  version "1.2.0"
  resolved "https://registry.yarnpkg.com/create-hash/-/create-hash-1.2.0.tgz#889078af11a63756bcfb59bd221996be3a9ef196"
  integrity sha512-z00bCGNHDG8mHAkP7CtT1qVu+bFQUPjYq/4Iv3C3kWjTFV10zIjfSoeqXo9Asws8gwSHDGj/hl2u4OGIjapeCg==
  dependencies:
    cipher-base "^1.0.1"
    inherits "^2.0.1"
    md5.js "^1.3.4"
    ripemd160 "^2.0.1"
    sha.js "^2.4.0"

create-hmac@^1.1.4:
  version "1.1.7"
  resolved "https://registry.yarnpkg.com/create-hmac/-/create-hmac-1.1.7.tgz#69170c78b3ab957147b2b8b04572e47ead2243ff"
  integrity sha512-MJG9liiZ+ogc4TzUwuvbER1JRdgvUFSB5+VR/g5h82fGaIRWMWddtKBHi7/sVhfjQZ6SehlyhvQYrcYkaUIpLg==
  dependencies:
    cipher-base "^1.0.3"
    create-hash "^1.1.0"
    inherits "^2.0.1"
    ripemd160 "^2.0.0"
    safe-buffer "^5.0.1"
    sha.js "^2.4.8"

crypto-random-string@^1.0.0:
  version "1.0.0"
  resolved "https://registry.yarnpkg.com/crypto-random-string/-/crypto-random-string-1.0.0.tgz#a230f64f568310e1498009940790ec99545bca7e"
  integrity sha1-ojD2T1aDEOFJgAmUB5DsmVRbyn4=

debug@^2.6.8:
  version "2.6.9"
  resolved "https://registry.yarnpkg.com/debug/-/debug-2.6.9.tgz#5d128515df134ff327e90a4c93f4e077a536341f"
  integrity sha512-bC7ElrdJaJnPbAP+1EotYvqZsb3ecl5wi6Bfi6BJTUcNowp6cvspg0jXznRTKDjm/E7AdgFBVeAPVMNcKGsHMA==
  dependencies:
    ms "2.0.0"

debug@^4.1.0:
  version "4.1.0"
  resolved "https://registry.yarnpkg.com/debug/-/debug-4.1.0.tgz#373687bffa678b38b1cd91f861b63850035ddc87"
  integrity sha512-heNPJUJIqC+xB6ayLAMHaIrmN9HKa7aQO8MGqKpvCA+uJYVcvR6l5kgdrhRuwPFHU7P5/A1w0BjByPHwpfTDKg==
  dependencies:
    ms "^2.1.1"

del@^3.0.0:
  version "3.0.0"
  resolved "https://registry.yarnpkg.com/del/-/del-3.0.0.tgz#53ecf699ffcbcb39637691ab13baf160819766e5"
  integrity sha1-U+z2mf/LyzljdpGrE7rxYIGXZuU=
  dependencies:
    globby "^6.1.0"
    is-path-cwd "^1.0.0"
    is-path-in-cwd "^1.0.0"
    p-map "^1.1.1"
    pify "^3.0.0"
    rimraf "^2.2.8"

delay@^4.1.0:
  version "4.1.0"
  resolved "https://registry.yarnpkg.com/delay/-/delay-4.1.0.tgz#474cd28809da41d1a048a70a1d835f47ac377cd2"
  integrity sha512-8Hea6/aOu3bPdDBQhSRUEUzF0QwuWmSPuIK+sxNdvcJtSfzb6HXrTd9DFJBCJcV9o83fFECqTgllqdnmUfq9+w==

detect-indent@^5.0.0:
  version "5.0.0"
  resolved "https://registry.yarnpkg.com/detect-indent/-/detect-indent-5.0.0.tgz#3871cc0a6a002e8c3e5b3cf7f336264675f06b9d"
  integrity sha1-OHHMCmoALow+Wzz38zYmRnXwa50=

dot-prop@^4.1.0:
  version "4.2.0"
  resolved "https://registry.yarnpkg.com/dot-prop/-/dot-prop-4.2.0.tgz#1f19e0c2e1aa0e32797c49799f2837ac6af69c57"
  integrity sha512-tUMXrxlExSW6U2EXiiKGSBVdYgtV8qlHL+C10TsW4PURY/ic+eaysnSkwB4kA/mBlCyy/IKDJ+Lc3wbWeaXtuQ==
  dependencies:
    is-obj "^1.0.0"

electron-better-ipc@^0.1.1:
  version "0.1.1"
  resolved "https://registry.yarnpkg.com/electron-better-ipc/-/electron-better-ipc-0.1.1.tgz#36c54a20499ecb061564ac82c054e88611b90efb"
  integrity sha512-RuhrTV2zKwxP3/N9I8L28VL60TUJZbtI5V1SRftUB6MrzrkQQXSiCCJCrC2l9qhxQHOXwDlMOI5F+WF5G0RQ2Q==

electron-context-menu@^0.10.1:
  version "0.10.1"
  resolved "https://registry.yarnpkg.com/electron-context-menu/-/electron-context-menu-0.10.1.tgz#9e202f1f65c0972cca8c0ef2047a13a100770368"
  integrity sha512-KFkKwFbT6iJUgarEknYuXQlJAT+naJZtSWFBtHf9RiSb70wscWdDNpYoUERzF7FgqYE1Mil4npfRWsjqGLwtog==
  dependencies:
    electron-dl "^1.2.0"
    electron-is-dev "^1.0.1"

electron-debug@^2.0.0:
  version "2.0.0"
  resolved "https://registry.yarnpkg.com/electron-debug/-/electron-debug-2.0.0.tgz#3059a6557acbfb091f138d83875f57bac80cea6d"
  integrity sha512-orGlw9uErUztdD7cgdKz78txq3czpOnKG/zvvsINkUsugqL+dn77UFrbwRGVgPwuLJ7Ejbjjk9EcxIcgTivMbA==
  dependencies:
    electron-is-dev "^0.3.0"
    electron-localshortcut "^3.0.0"

electron-dl@^1.2.0:
  version "1.11.0"
  resolved "https://registry.yarnpkg.com/electron-dl/-/electron-dl-1.11.0.tgz#112851f3857bb1a556b5c736af06040bd40df850"
  integrity sha512-iL9qHzzWOuL9bus+UT+P72SwrDQcFTV6QHqcbhwgqjCC9/K5jhdRzG0dIMB3TzYlk6rmApanPqh9DvWykwIH1Q==
  dependencies:
    ext-name "^5.0.0"
    pupa "^1.0.0"
    unused-filename "^1.0.0"

electron-is-accelerator@^0.1.0:
  version "0.1.2"
  resolved "https://registry.yarnpkg.com/electron-is-accelerator/-/electron-is-accelerator-0.1.2.tgz#509e510c26a56b55e17f863a4b04e111846ab27b"
  integrity sha1-UJ5RDCala1Xhf4Y6SwThEYRqsns=

electron-is-dev@^0.3.0:
  version "0.3.0"
  resolved "https://registry.yarnpkg.com/electron-is-dev/-/electron-is-dev-0.3.0.tgz#14e6fda5c68e9e4ecbeff9ccf037cbd7c05c5afe"
  integrity sha1-FOb9pcaOnk7L7/nM8DfL18BcWv4=

electron-is-dev@^1.0.0, electron-is-dev@^1.0.1:
  version "1.0.1"
  resolved "https://registry.yarnpkg.com/electron-is-dev/-/electron-is-dev-1.0.1.tgz#6e0a184736fe7aea77d18210b0b0f6a02402c4bc"
  integrity sha512-iwM3EotA9HTXqMGpQRkR/kT8OZqBbdfHTnlwcxsjSLYqY8svvsq0MuujsWCn3/vtgRmDv/PC/gKUUpoZvi5C1w==

electron-localshortcut@^3.0.0:
  version "3.1.0"
  resolved "https://registry.yarnpkg.com/electron-localshortcut/-/electron-localshortcut-3.1.0.tgz#10c1ffd537b8d39170aaf6e1551341f7780dd2ce"
  integrity sha512-MgL/j5jdjW7iA0R6cI7S045B0GlKXWM1FjjujVPjlrmyXRa6yH0bGSaIAfxXAF9tpJm3pLEiQzerYHkRh9JG/A==
  dependencies:
    debug "^2.6.8"
    electron-is-accelerator "^0.1.0"
    keyboardevent-from-electron-accelerator "^1.1.0"
    keyboardevents-areequal "^0.2.1"

electron-serve@^0.2.0:
  version "0.2.0"
  resolved "https://registry.yarnpkg.com/electron-serve/-/electron-serve-0.2.0.tgz#71615443d9c049a9aa3dea01db89be456a833ec2"
  integrity sha512-3L7tgJ7ZYaNyQ0xBcQNQcfN5Ium9yW7T3KG7+B2myI0JfHlet7CU/S2/Fvx6PN1t47awPcIUKar3ZPmdvucG+w==

electron-store@^2.0.0:
  version "2.0.0"
  resolved "https://registry.yarnpkg.com/electron-store/-/electron-store-2.0.0.tgz#1035cca2a95409d1f54c7466606345852450d64a"
  integrity sha512-1WCFYHsYvZBqDsoaS0Relnz0rd81ZkBAI0Fgx7Nq2UWU77rSNs1qxm4S6uH7TCZ0bV3LQpJFk7id/is/ZgoOPA==
  dependencies:
    conf "^2.0.0"

electron-timber@^0.5.1:
  version "0.5.1"
  resolved "https://registry.yarnpkg.com/electron-timber/-/electron-timber-0.5.1.tgz#a9b78ec097611ad5d438dc4635f842dc484d99fc"
  integrity sha512-5CTijMwDeIdwm7GzYqUIRI2SbTjTJq2khexNmqzuZTFi7QmsbeJyvMSHvmTLztQGGmKeAGp4ym2FYRBa+OA5bA==
  dependencies:
    auto-bind "^1.2.0"
    chalk "^2.4.1"
    electron-util "^0.8.2"
    randoma "^1.2.0"
    split2 "^2.2.0"

electron-unhandled@^2.1.0:
  version "2.1.0"
  resolved "https://registry.yarnpkg.com/electron-unhandled/-/electron-unhandled-2.1.0.tgz#c72e59bbb481aecb53ab3f472a334ad1b48c90d2"
  integrity sha512-c7igzS87v05tHbdeTN6mkbctzmnsgLQO7ASGxOraF1cB/UM+AEdn4cp/TeS+pKGq8PxLiXII+54ab4jYHryJMQ==
  dependencies:
    clean-stack "^2.0.0"
    electron-is-dev "^1.0.1"
    ensure-error "^1.0.0"
    lodash.debounce "^4.0.8"

electron-updater@^3.2.2:
  version "3.2.2"
  resolved "https://registry.yarnpkg.com/electron-updater/-/electron-updater-3.2.2.tgz#e1115c29fffd0e4bc344252e5600a4d3c0403c9f"
  integrity sha512-vmMLDzz0H9WsKJQCxeZPQR05VnMT9rnnqrabeQMQ3TdfZhUNTJA6U3Ctf7lr47RZWxrnhq8//w5FvvVB/2tflQ==
  dependencies:
    bluebird-lst "^1.0.6"
    builder-util-runtime "~7.1.0"
    electron-is-dev "^0.3.0"
    fs-extra-p "^7.0.0"
    js-yaml "^3.12.0"
    lazy-val "^1.0.3"
    lodash.isequal "^4.5.0"
    pako "^1.0.6"
    semver "^5.6.0"
    source-map-support "^0.5.9"

electron-util@^0.10.2:
  version "0.10.2"
  resolved "https://registry.yarnpkg.com/electron-util/-/electron-util-0.10.2.tgz#a4f61ebe6305a526d348d034475023089d65c43a"
  integrity sha512-m9CLQeG+PnxYJw77R+60ztRaoVs0pzqhQrOQ4kR+LVUBxHtOQXiOL3/TwAPf8LTTyxxn+OdfrjmaNkUl1mpIHg==
  dependencies:
    electron-is-dev "^1.0.0"
    new-github-issue-url "^0.1.2"

electron-util@^0.8.2:
  version "0.8.2"
  resolved "https://registry.yarnpkg.com/electron-util/-/electron-util-0.8.2.tgz#9ec18f54141192e3fcbfe1d6dfd22780de87ffed"
  integrity sha512-35gFE5oxi39ZBchWWvMNiKyUaNp3OmH3S1UruM+P0ZLpnOgJUMdBxl514f6f9QsShn7Lj3u9t31tavN/PzmhPw==
  dependencies:
    electron-is-dev "^0.3.0"

ensure-error@^1.0.0:
  version "1.0.0"
  resolved "https://registry.yarnpkg.com/ensure-error/-/ensure-error-1.0.0.tgz#c54c13329132cad06f847423b52c22fd88099d0d"
  integrity sha512-0WlwxG3KPXJxHxxEWh7+N/RyJgP9QAZKNzBxqqU+TxOg2TNqM1E6YhmJC8cz3ELi45K9N3J8jhTYQJieZwpljA==

env-paths@^1.0.0:
  version "1.0.0"
  resolved "https://registry.yarnpkg.com/env-paths/-/env-paths-1.0.0.tgz#4168133b42bb05c38a35b1ae4397c8298ab369e0"
  integrity sha1-QWgTO0K7BcOKNbGuQ5fIKYqzaeA=

error-ex@^1.3.1:
  version "1.3.1"
  resolved "https://registry.yarnpkg.com/error-ex/-/error-ex-1.3.1.tgz#f855a86ce61adc4e8621c3cda21e7a7612c3a8dc"
  integrity sha1-+FWobOYa3E6GIcPNoh56dhLDqNw=
  dependencies:
    is-arrayish "^0.2.1"

escape-string-regexp@^1.0.5:
  version "1.0.5"
  resolved "https://registry.yarnpkg.com/escape-string-regexp/-/escape-string-regexp-1.0.5.tgz#1b61c0562190a8dff6ae3bb2cf0200ca130b86d4"
  integrity sha1-G2HAViGQqN/2rjuyzwIAyhMLhtQ=

esprima@^2.6.0:
  version "2.7.3"
  resolved "https://registry.yarnpkg.com/esprima/-/esprima-2.7.3.tgz#96e3b70d5779f6ad49cd032673d1c312767ba581"
  integrity sha1-luO3DVd59q1JzQMmc9HDEnZ7pYE=

esprima@^4.0.0:
  version "4.0.0"
  resolved "https://registry.yarnpkg.com/esprima/-/esprima-4.0.0.tgz#4499eddcd1110e0b218bacf2fa7f7f59f55ca804"
  integrity sha512-oftTcaMu/EGrEIu904mWteKIv8vMuOgGYo7EhVJJN00R/EED9DCua/xxHRdYnKtcECzVg7xOWhflvJMnqcFZjw==

ext-list@^2.0.0:
  version "2.2.2"
  resolved "https://registry.yarnpkg.com/ext-list/-/ext-list-2.2.2.tgz#0b98e64ed82f5acf0f2931babf69212ef52ddd37"
  integrity sha512-u+SQgsubraE6zItfVA0tBuCBhfU9ogSRnsvygI7wht9TS510oLkBRXBsqopeUG/GBOIQyKZO9wjTqIu/sf5zFA==
  dependencies:
    mime-db "^1.28.0"

ext-name@^5.0.0:
  version "5.0.0"
  resolved "https://registry.yarnpkg.com/ext-name/-/ext-name-5.0.0.tgz#70781981d183ee15d13993c8822045c506c8f0a6"
  integrity sha512-yblEwXAbGv1VQDmow7s38W77hzAgJAO50ztBLMcUyUBfxv1HC+LGwtiEN+Co6LtlqT/5uwVOxsD4TNIilWhwdQ==
  dependencies:
    ext-list "^2.0.0"
    sort-keys-length "^1.0.0"

find-up@^2.1.0:
  version "2.1.0"
  resolved "https://registry.yarnpkg.com/find-up/-/find-up-2.1.0.tgz#45d1b7e506c717ddd482775a2b77920a3c0c57a7"
  integrity sha1-RdG35QbHF93UgndaK3eSCjwMV6c=
  dependencies:
    locate-path "^2.0.0"

fs-extra-p@^7.0.0:
  version "7.0.0"
  resolved "https://registry.yarnpkg.com/fs-extra-p/-/fs-extra-p-7.0.0.tgz#da9a72df71dc77fb938162025a5fc658713c98ab"
  integrity sha512-5tg5jBOd0xIXjwj4PDnafOXL5TyPVzjxLby4DPKev53wurEXp7IsojBaD4Lj5M5w7jxw0pbkEU0fFEPmcKoMnA==
  dependencies:
    bluebird-lst "^1.0.6"
    fs-extra "^7.0.0"

fs-extra@^7.0.0:
  version "7.0.1"
  resolved "https://registry.yarnpkg.com/fs-extra/-/fs-extra-7.0.1.tgz#4f189c44aa123b895f722804f55ea23eadc348e9"
  integrity sha512-YJDaCJZEnBmcbw13fvdAM9AwNOJwOzrE4pqMqBq5nFiEqXUqHwlK4B+3pUw6JNvfSPtX05xFHtYy/1ni01eGCw==
  dependencies:
    graceful-fs "^4.1.2"
    jsonfile "^4.0.0"
    universalify "^0.1.0"

fs.realpath@^1.0.0:
  version "1.0.0"
  resolved "https://registry.yarnpkg.com/fs.realpath/-/fs.realpath-1.0.0.tgz#1504ad2523158caa40db4a2787cb01411994ea4f"
  integrity sha1-FQStJSMVjKpA20onh8sBQRmU6k8=

get-port@^4.0.0:
  version "4.0.0"
  resolved "https://registry.yarnpkg.com/get-port/-/get-port-4.0.0.tgz#373c85960138ee20027c070e3cb08019fea29816"
  integrity sha512-Yy3yNI2oShgbaWg4cmPhWjkZfktEvpKI09aDX4PZzNtlU9obuYrX7x2mumQsrNxlF+Ls7OtMQW/u+X4s896bOQ==

glob@^7.0.3, glob@^7.0.5:
  version "7.1.2"
  resolved "https://registry.yarnpkg.com/glob/-/glob-7.1.2.tgz#c19c9df9a028702d678612384a6552404c636d15"
  integrity sha512-MJTUg1kjuLeQCJ+ccE4Vpa6kKVXkPYJ2mOCQyUuKLcLQsdrMCpBPUi8qVE6+YuaJkozeA9NusTAw3hLr8Xe5EQ==
  dependencies:
    fs.realpath "^1.0.0"
    inflight "^1.0.4"
    inherits "2"
    minimatch "^3.0.4"
    once "^1.3.0"
    path-is-absolute "^1.0.0"

globby@^6.1.0:
  version "6.1.0"
  resolved "https://registry.yarnpkg.com/globby/-/globby-6.1.0.tgz#f5a6d70e8395e21c858fb0489d64df02424d506c"
  integrity sha1-9abXDoOV4hyFj7BInWTfAkJNUGw=
  dependencies:
    array-union "^1.0.1"
    glob "^7.0.3"
    object-assign "^4.0.1"
    pify "^2.0.0"
    pinkie-promise "^2.0.0"

graceful-fs@^4.1.11, graceful-fs@^4.1.2, graceful-fs@^4.1.6:
  version "4.1.11"
  resolved "https://registry.yarnpkg.com/graceful-fs/-/graceful-fs-4.1.11.tgz#0e8bdfe4d1ddb8854d64e04ea7c00e2a026e5658"
  integrity sha1-Dovf5NHduIVNZOBOp8AOKgJuVlg=

has-flag@^3.0.0:
  version "3.0.0"
  resolved "https://registry.yarnpkg.com/has-flag/-/has-flag-3.0.0.tgz#b5d454dc2199ae225699f3467e5a07f3b955bafd"
  integrity sha1-tdRU3CGZriJWmfNGfloH87lVuv0=

hash-base@^3.0.0:
  version "3.0.4"
  resolved "https://registry.yarnpkg.com/hash-base/-/hash-base-3.0.4.tgz#5fc8686847ecd73499403319a6b0a3f3f6ae4918"
  integrity sha1-X8hoaEfs1zSZQDMZprCj8/auSRg=
  dependencies:
    inherits "^2.0.1"
    safe-buffer "^5.0.1"

i18next-sync-fs-backend@^1.1.0:
  version "1.1.0"
  resolved "https://registry.yarnpkg.com/i18next-sync-fs-backend/-/i18next-sync-fs-backend-1.1.0.tgz#abacb1f6624bc9d3cffc5e7d3a0871df3cd47afa"
  integrity sha512-Lj2QE06GB77hNtkG60vJ5mRQWDKTIaCnVkQYfp9j9NHbvICpKlidtrR6fewVSWHQLxxfjFzNniI7vVB7b5LpUw==
  dependencies:
    js-yaml "3.5.4"
    json5 "0.5.0"

i18next@^12.0.0:
  version "12.0.0"
  resolved "https://registry.yarnpkg.com/i18next/-/i18next-12.0.0.tgz#27c1494219dde0451a8d714d5bfc19bf055d51bb"
  integrity sha512-Zy/nFpmBZxgmi6k9HkHbf+MwvAwiY5BDzNjNfvyLPKyalc2YBwwZtblESDlTKLDO8XSv23qYRY2uZcADDlRSjQ==

imurmurhash@^0.1.4:
  version "0.1.4"
  resolved "https://registry.yarnpkg.com/imurmurhash/-/imurmurhash-0.1.4.tgz#9218b9b2b928a238b13dc4fb6b6d576f231453ea"
  integrity sha1-khi5srkoojixPcT7a21XbyMUU+o=

inflight@^1.0.4:
  version "1.0.6"
  resolved "https://registry.yarnpkg.com/inflight/-/inflight-1.0.6.tgz#49bd6331d7d02d0c09bc910a1075ba8165b56df9"
  integrity sha1-Sb1jMdfQLQwJvJEKEHW6gWW1bfk=
  dependencies:
    once "^1.3.0"
    wrappy "1"

inherits@2, inherits@^2.0.1, inherits@~2.0.3:
  version "2.0.3"
  resolved "https://registry.yarnpkg.com/inherits/-/inherits-2.0.3.tgz#633c2c83e3da42a502f52466022480f4208261de"
  integrity sha1-Yzwsg+PaQqUC9SRmAiSA9CCCYd4=

iocane@^1.0.2:
  version "1.0.2"
  resolved "https://registry.yarnpkg.com/iocane/-/iocane-1.0.2.tgz#3697b168e699bdcded8d6418f962e0a3237db50e"
  integrity sha512-9sTea4NOODPZAfWOpztzwdPZQ4KUHyVDspE6heKD0FsRwYVOYElDdf+Nzhirj3fOtfX6WmitsX2JovtdbV9PqQ==
  dependencies:
    pbkdf2 "~3.0.17"

irregular-plurals@^2.0.0:
  version "2.0.0"
  resolved "https://registry.yarnpkg.com/irregular-plurals/-/irregular-plurals-2.0.0.tgz#39d40f05b00f656d0b7fa471230dd3b714af2872"
  integrity sha512-Y75zBYLkh0lJ9qxeHlMjQ7bSbyiSqNW/UOPWDmzC7cXskL1hekSITh1Oc6JV0XCWWZ9DE8VYSB71xocLk3gmGw==

is-arrayish@^0.2.1:
  version "0.2.1"
  resolved "https://registry.yarnpkg.com/is-arrayish/-/is-arrayish-0.2.1.tgz#77c99840527aa8ecb1a8ba697b80645a7a926a9d"
  integrity sha1-d8mYQFJ6qOyxqLppe4BkWnqSap0=

is-arrayish@^0.3.1:
  version "0.3.1"
  resolved "https://registry.yarnpkg.com/is-arrayish/-/is-arrayish-0.3.1.tgz#c2dfc386abaa0c3e33c48db3fe87059e69065efd"
  integrity sha1-wt/DhquqDD4zxI2z/ocFnmkGXv0=

is-obj@^1.0.0:
  version "1.0.1"
  resolved "https://registry.yarnpkg.com/is-obj/-/is-obj-1.0.1.tgz#3e4729ac1f5fde025cd7d83a896dab9f4f67db0f"
  integrity sha1-PkcprB9f3gJc19g6iW2rn09n2w8=

is-path-cwd@^1.0.0:
  version "1.0.0"
  resolved "https://registry.yarnpkg.com/is-path-cwd/-/is-path-cwd-1.0.0.tgz#d225ec23132e89edd38fda767472e62e65f1106d"
  integrity sha1-0iXsIxMuie3Tj9p2dHLmLmXxEG0=

is-path-in-cwd@^1.0.0:
  version "1.0.1"
  resolved "https://registry.yarnpkg.com/is-path-in-cwd/-/is-path-in-cwd-1.0.1.tgz#5ac48b345ef675339bd6c7a48a912110b241cf52"
  integrity sha512-FjV1RTW48E7CWM7eE/J2NJvAEEVektecDBVBE5Hh3nM1Jd0kvhHtX68Pr3xsDf857xt3Y4AkwVULK1Vku62aaQ==
  dependencies:
    is-path-inside "^1.0.0"

is-path-inside@^1.0.0:
  version "1.0.1"
  resolved "https://registry.yarnpkg.com/is-path-inside/-/is-path-inside-1.0.1.tgz#8ef5b7de50437a3fdca6b4e865ef7aa55cb48036"
  integrity sha1-jvW33lBDej/cprToZe96pVy0gDY=
  dependencies:
    path-is-inside "^1.0.1"

is-plain-obj@^1.0.0:
  version "1.1.0"
  resolved "https://registry.yarnpkg.com/is-plain-obj/-/is-plain-obj-1.1.0.tgz#71a50c8429dfca773c92a390a4a03b39fcd51d3e"
  integrity sha1-caUMhCnfync8kqOQpKA7OfzVHT4=

isarray@~1.0.0:
  version "1.0.0"
  resolved "https://registry.yarnpkg.com/isarray/-/isarray-1.0.0.tgz#bb935d48582cba168c06834957a54a3e07124f11"
  integrity sha1-u5NdSFgsuhaMBoNJV6VKPgcSTxE=

js-yaml@3.5.4:
  version "3.5.4"
  resolved "https://registry.yarnpkg.com/js-yaml/-/js-yaml-3.5.4.tgz#f64f16dcd78beb9ce8361068e733ebe47b079179"
  integrity sha1-9k8W3NeL65zoNhBo5zPr5HsHkXk=
  dependencies:
    argparse "^1.0.2"
    esprima "^2.6.0"

js-yaml@^3.12.0:
  version "3.12.0"
  resolved "https://registry.yarnpkg.com/js-yaml/-/js-yaml-3.12.0.tgz#eaed656ec8344f10f527c6bfa1b6e2244de167d1"
  integrity sha512-PIt2cnwmPfL4hKNwqeiuz4bKfnzHTBv6HyVgjahA6mPLwPDzjDWrplJBMjHUFxku/N3FlmrbyPclad+I+4mJ3A==
  dependencies:
    argparse "^1.0.7"
    esprima "^4.0.0"

json-parse-better-errors@^1.0.1:
  version "1.0.2"
  resolved "https://registry.yarnpkg.com/json-parse-better-errors/-/json-parse-better-errors-1.0.2.tgz#bb867cfb3450e69107c131d1c514bab3dc8bcaa9"
  integrity sha512-mrqyZKfX5EhL7hvqcV6WG1yYjnjeuYDzDhhcAAUrq8Po85NBQBJP+ZDUT75qZQ98IkUoBqdkExkukOU7Ts2wrw==

json5@0.5.0:
  version "0.5.0"
  resolved "https://registry.yarnpkg.com/json5/-/json5-0.5.0.tgz#9b20715b026cbe3778fd769edccd822d8332a5b2"
  integrity sha1-myBxWwJsvjd4/Xae3M2CLYMypbI=

jsonfile@^4.0.0:
  version "4.0.0"
  resolved "https://registry.yarnpkg.com/jsonfile/-/jsonfile-4.0.0.tgz#8771aae0799b64076b76640fca058f9c10e33ecb"
  integrity sha1-h3Gq4HmbZAdrdmQPygWPnBDjPss=
  optionalDependencies:
    graceful-fs "^4.1.6"

keyboardevent-from-electron-accelerator@^1.1.0:
  version "1.1.0"
  resolved "https://registry.yarnpkg.com/keyboardevent-from-electron-accelerator/-/keyboardevent-from-electron-accelerator-1.1.0.tgz#324614f6e33490c37ffc5be5876b3e85fe223c84"
  integrity sha512-VDC4vKWGrR3VgIKCE4CsXnvObGgP8C2idnTKEMUkuEuvDGE1GEBX9FtNdJzrD00iQlhI3xFxRaeItsUmlERVng==

keyboardevents-areequal@^0.2.1:
  version "0.2.2"
  resolved "https://registry.yarnpkg.com/keyboardevents-areequal/-/keyboardevents-areequal-0.2.2.tgz#88191ec738ce9f7591c25e9056de928b40277194"
  integrity sha512-Nv+Kr33T0mEjxR500q+I6IWisOQ0lK1GGOncV0kWE6n4KFmpcu7RUX5/2B0EUtX51Cb0HjZ9VJsSY3u4cBa0kw==

lazy-val@^1.0.3:
  version "1.0.3"
  resolved "https://registry.yarnpkg.com/lazy-val/-/lazy-val-1.0.3.tgz#bb97b200ef00801d94c317e29dc6ed39e31c5edc"
  integrity sha512-pjCf3BYk+uv3ZcPzEVM0BFvO9Uw58TmlrU0oG5tTrr9Kcid3+kdKxapH8CjdYmVa2nO5wOoZn2rdvZx2PKj/xg==

load-json-file@^5.1.0:
  version "5.1.0"
  resolved "https://registry.yarnpkg.com/load-json-file/-/load-json-file-5.1.0.tgz#c062f048e0ee556bf7f535bb16f6e45bb9d06b18"
  integrity sha512-+ggO8OpTviHQ/zoyFxLJglsu1CylXUt1vpGa+mIUeesCkTC0G+JO6rdTS1/WcGBZDC7Nejo1aZ9MxbqflpmO6Q==
  dependencies:
    graceful-fs "^4.1.2"
    parse-json "^4.0.0"
    pify "^3.0.0"
    strip-bom "^3.0.0"

locate-path@^2.0.0:
  version "2.0.0"
  resolved "https://registry.yarnpkg.com/locate-path/-/locate-path-2.0.0.tgz#2b568b265eec944c6d9c0de9c3dbbbca0354cd8e"
  integrity sha1-K1aLJl7slExtnA3pw9u7ygNUzY4=
  dependencies:
    p-locate "^2.0.0"
    path-exists "^3.0.0"

lodash.debounce@^4.0.8:
  version "4.0.8"
  resolved "https://registry.yarnpkg.com/lodash.debounce/-/lodash.debounce-4.0.8.tgz#82d79bff30a67c4005ffd5e2515300ad9ca4d7af"
  integrity sha1-gteb/zCmfEAF/9XiUVMArZyk168=

lodash.deburr@^4.1.0:
  version "4.1.0"
  resolved "https://registry.yarnpkg.com/lodash.deburr/-/lodash.deburr-4.1.0.tgz#ddb1bbb3ef07458c0177ba07de14422cb033ff9b"
  integrity sha1-3bG7s+8HRYwBd7oH3hRCLLAz/5s=

lodash.isequal@^4.5.0:
  version "4.5.0"
  resolved "https://registry.yarnpkg.com/lodash.isequal/-/lodash.isequal-4.5.0.tgz#415c4478f2bcc30120c22ce10ed3226f7d3e18e0"
  integrity sha1-QVxEePK8wwEgwizhDtMib30+GOA=

lodash@^4.17.11:
  version "4.17.11"
  resolved "https://registry.yarnpkg.com/lodash/-/lodash-4.17.11.tgz#b39ea6229ef607ecd89e2c8df12536891cac9b8d"
  integrity sha512-cQKh8igo5QUhZ7lg38DYWAxMvjSAKG0A8wGSVimP07SIUEK2UO+arSRKbRZWtelMtN5V0Hkwh5ryOto/SshYIg==

make-dir@^1.0.0:
  version "1.2.0"
  resolved "https://registry.yarnpkg.com/make-dir/-/make-dir-1.2.0.tgz#6d6a49eead4aae296c53bbf3a1a008bd6c89469b"
  integrity sha512-aNUAa4UMg/UougV25bbrU4ZaaKNjJ/3/xnvg/twpmKROPdKZPZ9wGgI0opdZzO8q/zUFawoUuixuOv33eZ61Iw==
  dependencies:
    pify "^3.0.0"

make-dir@^1.2.0:
  version "1.3.0"
  resolved "https://registry.yarnpkg.com/make-dir/-/make-dir-1.3.0.tgz#79c1033b80515bd6d24ec9933e860ca75ee27f0c"
  integrity sha512-2w31R7SJtieJJnQtGc7RVL2StM2vGYVfqUOvUDxH6bC6aJTxPxTF0GnIgCyu7tjockiUWAYQRbxa7vKn34s5sQ==
  dependencies:
    pify "^3.0.0"

md5.js@^1.3.4:
  version "1.3.4"
  resolved "https://registry.yarnpkg.com/md5.js/-/md5.js-1.3.4.tgz#e9bdbde94a20a5ac18b04340fc5764d5b09d901d"
  integrity sha1-6b296UogpawYsENA/Fdk1bCdkB0=
  dependencies:
    hash-base "^3.0.0"
    inherits "^2.0.1"

mime-db@^1.28.0:
  version "1.33.0"
  resolved "https://registry.yarnpkg.com/mime-db/-/mime-db-1.33.0.tgz#a3492050a5cb9b63450541e39d9788d2272783db"
  integrity sha512-BHJ/EKruNIqJf/QahvxwQZXKygOQ256myeN/Ew+THcAa5q+PjyTTMMeNQC4DZw5AwfvelsUrA6B67NKMqXDbzQ==

minimatch@^3.0.2, minimatch@^3.0.4:
  version "3.0.4"
  resolved "https://registry.yarnpkg.com/minimatch/-/minimatch-3.0.4.tgz#5166e286457f03306064be5497e8dbb0c3d32083"
  integrity sha512-yJHVQEhyqPLUTgt9B83PXu6W3rx4MvvHvSUvToogpwoGDOUQ+yDrR0HRot+yOCdCO7u4hX3pWft6kWBBcqh0UA==
  dependencies:
    brace-expansion "^1.1.7"

modify-filename@^1.1.0:
  version "1.1.0"
  resolved "https://registry.yarnpkg.com/modify-filename/-/modify-filename-1.1.0.tgz#9a2dec83806fbb2d975f22beec859ca26b393aa1"
  integrity sha1-mi3sg4Bvuy2XXyK+7IWcoms5OqE=

ms@2.0.0:
  version "2.0.0"
  resolved "https://registry.yarnpkg.com/ms/-/ms-2.0.0.tgz#5608aeadfc00be6c2901df5f9861788de0d597c8"
  integrity sha1-VgiurfwAvmwpAd9fmGF4jeDVl8g=

ms@^2.1.1:
  version "2.1.1"
  resolved "https://registry.yarnpkg.com/ms/-/ms-2.1.1.tgz#30a5864eb3ebb0a66f2ebe6d727af06a09d86e0a"
  integrity sha512-tgp+dl5cGk28utYktBsrFqA7HKgrhgPsg6Z/EfhWI4gl1Hwq8B/GmY/0oXZ6nF8hDVesS/FpnYaD/kOWhYQvyg==

new-github-issue-url@^0.1.2:
  version "0.1.2"
  resolved "https://registry.yarnpkg.com/new-github-issue-url/-/new-github-issue-url-0.1.2.tgz#43f852cbf4f5eaa128e0850ea527d9c103fd3b1c"
  integrity sha512-FmF8JH2dGczrnY4cVKB7BjpaKFpySvZvPNZOhuMevY4+a1jSlI/me95rdulg9C5/74P/i02G+3WqpXN1Fhcoow==

node-dir@^0.1.17:
  version "0.1.17"
  resolved "https://registry.yarnpkg.com/node-dir/-/node-dir-0.1.17.tgz#5f5665d93351335caabef8f1c554516cf5f1e4e5"
  integrity sha1-X1Zl2TNRM1yqvvjxxVRRbPXx5OU=
  dependencies:
    minimatch "^3.0.2"

object-assign@^4.0.1:
  version "4.1.1"
  resolved "https://registry.yarnpkg.com/object-assign/-/object-assign-4.1.1.tgz#2109adc7965887cfc05cbbd442cac8bfbb360863"
  integrity sha1-IQmtx5ZYh8/AXLvUQsrIv7s2CGM=

once@^1.3.0:
  version "1.4.0"
  resolved "https://registry.yarnpkg.com/once/-/once-1.4.0.tgz#583b1aa775961d4b113ac17d9c50baef9dd76bd1"
  integrity sha1-WDsap3WWHUsROsF9nFC6753Xa9E=
  dependencies:
    wrappy "1"

p-limit@^1.1.0:
  version "1.2.0"
  resolved "https://registry.yarnpkg.com/p-limit/-/p-limit-1.2.0.tgz#0e92b6bedcb59f022c13d0f1949dc82d15909f1c"
  integrity sha512-Y/OtIaXtUPr4/YpMv1pCL5L5ed0rumAaAeBSj12F+bSlMdys7i8oQF/GUJmfpTS/QoaRrS/k6pma29haJpsMng==
  dependencies:
    p-try "^1.0.0"

p-locate@^2.0.0:
  version "2.0.0"
  resolved "https://registry.yarnpkg.com/p-locate/-/p-locate-2.0.0.tgz#20a0103b222a70c8fd39cc2e580680f3dde5ec43"
  integrity sha1-IKAQOyIqcMj9OcwuWAaA893l7EM=
  dependencies:
    p-limit "^1.1.0"

p-map@^1.1.1:
  version "1.2.0"
  resolved "https://registry.yarnpkg.com/p-map/-/p-map-1.2.0.tgz#e4e94f311eabbc8633a1e79908165fca26241b6b"
  integrity sha512-r6zKACMNhjPJMTl8KcFH4li//gkrXWfbD6feV8l6doRHlzljFWGJ2AP6iKaCJXyZmAUMOPtvbW7EXkbWO/pLEA==

p-try@^1.0.0:
  version "1.0.0"
  resolved "https://registry.yarnpkg.com/p-try/-/p-try-1.0.0.tgz#cbc79cdbaf8fd4228e13f621f2b1a237c1b207b3"
  integrity sha1-y8ec26+P1CKOE/Yh8rGiN8GyB7M=

pako@^1.0.6:
  version "1.0.6"
  resolved "https://registry.yarnpkg.com/pako/-/pako-1.0.6.tgz#0101211baa70c4bca4a0f63f2206e97b7dfaf258"
  integrity sha512-lQe48YPsMJAig+yngZ87Lus+NF+3mtu7DVOBu6b/gHO1YpKwIj5AWjZ/TOS7i46HD/UixzWb1zeWDZfGZ3iYcg==

park-miller@^1.0.0:
  version "1.0.0"
  resolved "https://registry.yarnpkg.com/park-miller/-/park-miller-1.0.0.tgz#1f8a3978e897354fde37358e28903cecad8f2e8f"
  integrity sha512-Gdx+0DuJID9FpBFzBQGCqsVSpnW7AGTAXJkgSo9mSvRu/YBI9trLd3pUK4LQ6mwViZOCA/T9/GngkFRyPp63Rw==

parse-json@^4.0.0:
  version "4.0.0"
  resolved "https://registry.yarnpkg.com/parse-json/-/parse-json-4.0.0.tgz#be35f5425be1f7f6c747184f98a788cb99477ee0"
  integrity sha1-vjX1Qlvh9/bHRxhPmKeIy5lHfuA=
  dependencies:
    error-ex "^1.3.1"
    json-parse-better-errors "^1.0.1"

path-exists@^3.0.0:
  version "3.0.0"
  resolved "https://registry.yarnpkg.com/path-exists/-/path-exists-3.0.0.tgz#ce0ebeaa5f78cb18925ea7d810d7b59b010fd515"
  integrity sha1-zg6+ql94yxiSXqfYENe1mwEP1RU=

path-is-absolute@^1.0.0:
  version "1.0.1"
  resolved "https://registry.yarnpkg.com/path-is-absolute/-/path-is-absolute-1.0.1.tgz#174b9268735534ffbc7ace6bf53a5a9e1b5c5f5f"
  integrity sha1-F0uSaHNVNP+8es5r9TpanhtcX18=

path-is-inside@^1.0.1:
  version "1.0.2"
  resolved "https://registry.yarnpkg.com/path-is-inside/-/path-is-inside-1.0.2.tgz#365417dede44430d1c11af61027facf074bdfc53"
  integrity sha1-NlQX3t5EQw0cEa9hAn+s8HS9/FM=

pbkdf2@~3.0.17:
  version "3.0.17"
  resolved "https://registry.yarnpkg.com/pbkdf2/-/pbkdf2-3.0.17.tgz#976c206530617b14ebb32114239f7b09336e93a6"
  integrity sha512-U/il5MsrZp7mGg3mSQfn742na2T+1/vHDCG5/iTI3X9MKUuYUZVLQhyRsg06mCgDBTd57TxzgZt7P+fYfjRLtA==
  dependencies:
    create-hash "^1.1.2"
    create-hmac "^1.1.4"
    ripemd160 "^2.0.1"
    safe-buffer "^5.0.1"
    sha.js "^2.4.8"

pify@^2.0.0:
  version "2.3.0"
  resolved "https://registry.yarnpkg.com/pify/-/pify-2.3.0.tgz#ed141a6ac043a849ea588498e7dca8b15330e90c"
  integrity sha1-7RQaasBDqEnqWISY59yosVMw6Qw=

pify@^3.0.0:
  version "3.0.0"
  resolved "https://registry.yarnpkg.com/pify/-/pify-3.0.0.tgz#e5a4acd2c101fdf3d9a4d07f0dbc4db49dd28176"
  integrity sha1-5aSs0sEB/fPZpNB/DbxNtJ3SgXY=

pify@^4.0.0:
  version "4.0.0"
  resolved "https://registry.yarnpkg.com/pify/-/pify-4.0.0.tgz#db04c982b632fd0df9090d14aaf1c8413cadb695"
  integrity sha512-zrSP/KDf9DH3K3VePONoCstgPiYJy9z0SCatZuTpOc7YdnWIqwkWdXOuwlr4uDc7em8QZRsFWsT/685x5InjYg==

pinkie-promise@^2.0.0:
  version "2.0.1"
  resolved "https://registry.yarnpkg.com/pinkie-promise/-/pinkie-promise-2.0.1.tgz#2135d6dfa7a358c069ac9b178776288228450ffa"
  integrity sha1-ITXW36ejWMBprJsXh3YogihFD/o=
  dependencies:
    pinkie "^2.0.0"

pinkie@^2.0.0:
  version "2.0.4"
  resolved "https://registry.yarnpkg.com/pinkie/-/pinkie-2.0.4.tgz#72556b80cfa0d48a974e80e77248e80ed4f7f870"
  integrity sha1-clVrgM+g1IqXToDnckjoDtT3+HA=

pkg-up@^2.0.0:
  version "2.0.0"
  resolved "https://registry.yarnpkg.com/pkg-up/-/pkg-up-2.0.0.tgz#c819ac728059a461cab1c3889a2be3c49a004d7f"
  integrity sha1-yBmscoBZpGHKscOImivjxJoATX8=
  dependencies:
    find-up "^2.1.0"

plur@^3.0.1:
  version "3.0.1"
  resolved "https://registry.yarnpkg.com/plur/-/plur-3.0.1.tgz#268652d605f816699b42b86248de73c9acd06a7c"
  integrity sha512-lJl0ojUynAM1BZn58Pas2WT/TXeC1+bS+UqShl0x9+49AtOn7DixRXVzaC8qrDOIxNDmepKnLuMTH7NQmkX0PA==
  dependencies:
    irregular-plurals "^2.0.0"

process-nextick-args@~2.0.0:
  version "2.0.0"
  resolved "https://registry.yarnpkg.com/process-nextick-args/-/process-nextick-args-2.0.0.tgz#a37d732f4271b4ab1ad070d35508e8290788ffaa"
  integrity sha512-MtEC1TqN0EU5nephaJ4rAtThHtC86dNN9qCuEhtshvpVBkAW5ZO7BASN9REnF9eoXGcRub+pFuKEpOHE+HbEMw==

pupa@^1.0.0:
  version "1.0.0"
  resolved "https://registry.yarnpkg.com/pupa/-/pupa-1.0.0.tgz#9a9568a5af7e657b8462a6e9d5328743560ceff6"
  integrity sha1-mpVopa9+ZXuEYqbp1TKHQ1YM7/Y=

randoma@^1.2.0:
  version "1.2.0"
  resolved "https://registry.yarnpkg.com/randoma/-/randoma-1.2.0.tgz#a14df5a02b0ddc6bb20ce69358da2f47a768b550"
  integrity sha512-m7W2Eg8+6iXge4zH0y7qXRykoLF2WJd7AfSUSZa9LvxHBlEd3w49Bao2Tm1/nkTpp7ZsxS2Ur2jpSwbyQjkOKA==
  dependencies:
    "@sindresorhus/string-hash" "^1.0.0"
    color "^2.0.1"
    park-miller "^1.0.0"

readable-stream@^2.1.5:
  version "2.3.6"
  resolved "https://registry.yarnpkg.com/readable-stream/-/readable-stream-2.3.6.tgz#b11c27d88b8ff1fbe070643cf94b0c79ae1b0aaf"
  integrity sha512-tQtKA9WIAhBF3+VLAseyMqZeBjW0AHJoxOtYqSUZNJxauErmLbVm2FW1y+J/YA9dUrAC39ITejlZWhVIwawkKw==
  dependencies:
    core-util-is "~1.0.0"
    inherits "~2.0.3"
    isarray "~1.0.0"
    process-nextick-args "~2.0.0"
    safe-buffer "~5.1.1"
    string_decoder "~1.1.1"
    util-deprecate "~1.0.1"

rimraf@^2.2.8:
  version "2.6.2"
  resolved "https://registry.yarnpkg.com/rimraf/-/rimraf-2.6.2.tgz#2ed8150d24a16ea8651e6d6ef0f47c4158ce7a36"
  integrity sha512-lreewLK/BlghmxtfH36YYVg1i8IAce4TI7oao75I1g245+6BctqTVQiBP3YUJ9C6DQOXJmkYR9X9fCLtCOJc5w==
  dependencies:
    glob "^7.0.5"

ripemd160@^2.0.0, ripemd160@^2.0.1:
  version "2.0.2"
  resolved "https://registry.yarnpkg.com/ripemd160/-/ripemd160-2.0.2.tgz#a1c1a6f624751577ba5d07914cbc92850585890c"
  integrity sha512-ii4iagi25WusVoiC4B4lq7pbXfAp3D9v5CwfkY33vffw2+pkDjY1D8GaN7spsxvCSx8dkPqOZCEZyfxcmJG2IA==
  dependencies:
    hash-base "^3.0.0"
    inherits "^2.0.1"

safe-buffer@^5.0.1, safe-buffer@~5.1.0, safe-buffer@~5.1.1:
  version "5.1.2"
  resolved "https://registry.yarnpkg.com/safe-buffer/-/safe-buffer-5.1.2.tgz#991ec69d296e0313747d59bdfd2b745c35f8828d"
  integrity sha512-Gd2UZBJDkXlY7GbJxfsE8/nvKkUEU1G38c1siN6QP6a9PT9MmHB8GnpscSmMJSoF8LOIrt8ud/wPtojys4G6+g==

sax@^1.2.4:
  version "1.2.4"
  resolved "https://registry.yarnpkg.com/sax/-/sax-1.2.4.tgz#2816234e2378bddc4e5354fab5caa895df7100d9"
  integrity sha512-NqVDv9TpANUjFm0N8uM5GxL36UgKi9/atZw+x7YFnQ8ckwFGKrl4xX4yWtrey3UJm5nP1kUbnYgLopqWNSRhWw==

semver@^5.6.0:
  version "5.6.0"
  resolved "https://registry.yarnpkg.com/semver/-/semver-5.6.0.tgz#7e74256fbaa49c75aa7c7a205cc22799cac80004"
  integrity sha512-RS9R6R35NYgQn++fkDWaOmqGoj4Ek9gGs+DPxNUZKuwE183xjJroKvyo1IzVFeXvUrvmALy6FWD5xrdJT25gMg==

sha.js@^2.4.0, sha.js@^2.4.8:
  version "2.4.11"
  resolved "https://registry.yarnpkg.com/sha.js/-/sha.js-2.4.11.tgz#37a5cf0b81ecbc6943de109ba2960d1b26584ae7"
  integrity sha512-QMEp5B7cftE7APOjk5Y6xgrbWu+WkLVQwk8JNjZ8nKRciZaByEW6MubieAiToS7+dwvrjGhH8jRXz3MVd0AYqQ==
  dependencies:
    inherits "^2.0.1"
    safe-buffer "^5.0.1"

signal-exit@^3.0.2:
  version "3.0.2"
  resolved "https://registry.yarnpkg.com/signal-exit/-/signal-exit-3.0.2.tgz#b5fdc08f1287ea1178628e415e25132b73646c6d"
  integrity sha1-tf3AjxKH6hF4Yo5BXiUTK3NkbG0=

simple-swizzle@^0.2.2:
  version "0.2.2"
  resolved "https://registry.yarnpkg.com/simple-swizzle/-/simple-swizzle-0.2.2.tgz#a4da6b635ffcccca33f70d17cb92592de95e557a"
  integrity sha1-pNprY1/8zMoz9w0Xy5JZLeleVXo=
  dependencies:
    is-arrayish "^0.3.1"

sort-keys-length@^1.0.0:
  version "1.0.1"
  resolved "https://registry.yarnpkg.com/sort-keys-length/-/sort-keys-length-1.0.1.tgz#9cb6f4f4e9e48155a6aa0671edd336ff1479a188"
  integrity sha1-nLb09OnkgVWmqgZx7dM2/xR5oYg=
  dependencies:
    sort-keys "^1.0.0"

sort-keys@^1.0.0:
  version "1.1.2"
  resolved "https://registry.yarnpkg.com/sort-keys/-/sort-keys-1.1.2.tgz#441b6d4d346798f1b4e49e8920adfba0e543f9ad"
  integrity sha1-RBttTTRnmPG05J6JIK37oOVD+a0=
  dependencies:
    is-plain-obj "^1.0.0"

sort-keys@^2.0.0:
  version "2.0.0"
  resolved "https://registry.yarnpkg.com/sort-keys/-/sort-keys-2.0.0.tgz#658535584861ec97d730d6cf41822e1f56684128"
  integrity sha1-ZYU1WEhh7JfXMNbPQYIuH1ZoQSg=
  dependencies:
    is-plain-obj "^1.0.0"

source-map-support@^0.5.9:
  version "0.5.9"
  resolved "https://registry.yarnpkg.com/source-map-support/-/source-map-support-0.5.9.tgz#41bc953b2534267ea2d605bccfa7bfa3111ced5f"
  integrity sha512-gR6Rw4MvUlYy83vP0vxoVNzM6t8MUXqNuRsuBmBHQDu1Fh6X015FrLdgoDKcNdkwGubozq0P4N0Q37UyFVr1EA==
  dependencies:
    buffer-from "^1.0.0"
    source-map "^0.6.0"

source-map@^0.6.0:
  version "0.6.1"
  resolved "https://registry.yarnpkg.com/source-map/-/source-map-0.6.1.tgz#74722af32e9614e9c287a8d0bbde48b5e2f1a263"
  integrity sha512-UjgapumWlbMhkBgzT7Ykc5YXUT46F0iKu8SGXq0bcwP5dz/h0Plj6enJqjz1Zbq2l5WaqYnrVbwWOWMyF3F47g==

split2@^2.2.0:
  version "2.2.0"
  resolved "https://registry.yarnpkg.com/split2/-/split2-2.2.0.tgz#186b2575bcf83e85b7d18465756238ee4ee42493"
  integrity sha512-RAb22TG39LhI31MbreBgIuKiIKhVsawfTgEGqKHTK87aG+ul/PB8Sqoi3I7kVdRWiCfrKxK3uo4/YUkpNvhPbw==
  dependencies:
    through2 "^2.0.2"

sprintf-js@~1.0.2:
  version "1.0.3"
  resolved "https://registry.yarnpkg.com/sprintf-js/-/sprintf-js-1.0.3.tgz#04e6926f662895354f3dd015203633b857297e2c"
  integrity sha1-BOaSb2YolTVPPdAVIDYzuFcpfiw=

strict-import@^0.2.0:
  version "0.2.0"
  resolved "https://registry.yarnpkg.com/strict-import/-/strict-import-0.2.0.tgz#9c43af6c1284afb98512779e46ab4b2affc6fe30"
  integrity sha512-KHykP52DPfiXBhXFBU8RwvEAUq2C8JluxgMFZgIGgQq1Zdzf58H2jiVZnWgz7ch70CKrUKIRWSHjspqP2f0Apw==

string_decoder@~1.1.1:
  version "1.1.1"
  resolved "https://registry.yarnpkg.com/string_decoder/-/string_decoder-1.1.1.tgz#9cf1611ba62685d7030ae9e4ba34149c3af03fc8"
  integrity sha512-n/ShnvDi6FHbbVfviro+WojiFzv+s8MPMHBczVePfUpDJLwoLT0ht1l4YwBCbi8pJAveEEdnkHyPyTP/mzRfwg==
  dependencies:
    safe-buffer "~5.1.0"

strip-bom@^3.0.0:
  version "3.0.0"
  resolved "https://registry.yarnpkg.com/strip-bom/-/strip-bom-3.0.0.tgz#2334c18e9c759f7bdd56fdef7e9ae3d588e68ed3"
  integrity sha1-IzTBjpx1n3vdVv3vfprj1YjmjtM=

supports-color@^5.3.0:
  version "5.4.0"
  resolved "https://registry.yarnpkg.com/supports-color/-/supports-color-5.4.0.tgz#1c6b337402c2137605efe19f10fec390f6faab54"
  integrity sha512-zjaXglF5nnWpsq470jSv6P9DwPvgLkuapYmfDm3JWOm0vkNTVF2tI4UrN2r6jH1qM/uc/WtxYY1hYoA2dOKj5w==
  dependencies:
    has-flag "^3.0.0"

through2@^2.0.2:
  version "2.0.3"
  resolved "https://registry.yarnpkg.com/through2/-/through2-2.0.3.tgz#0004569b37c7c74ba39c43f3ced78d1ad94140be"
  integrity sha1-AARWmzfHx0ujnEPzzteNGtlBQL4=
  dependencies:
    readable-stream "^2.1.5"
    xtend "~4.0.1"

universalify@^0.1.0:
  version "0.1.1"
  resolved "https://registry.yarnpkg.com/universalify/-/universalify-0.1.1.tgz#fa71badd4437af4c148841e3b3b165f9e9e590b7"
  integrity sha1-+nG63UQ3r0wUiEHjs7Fl+enlkLc=

unused-filename@^1.0.0:
  version "1.0.0"
  resolved "https://registry.yarnpkg.com/unused-filename/-/unused-filename-1.0.0.tgz#d340880f71ae2115ebaa1325bef05cc6684469c6"
  integrity sha1-00CID3GuIRXrqhMlvvBcxmhEacY=
  dependencies:
    modify-filename "^1.1.0"
    path-exists "^3.0.0"

util-deprecate@~1.0.1:
  version "1.0.2"
  resolved "https://registry.yarnpkg.com/util-deprecate/-/util-deprecate-1.0.2.tgz#450d4dc9fa70de732762fbd2d4a28981419a0ccf"
  integrity sha1-RQ1Nyfpw3nMnYvvS1KKJgUGaDM8=

wrappy@1:
  version "1.0.2"
  resolved "https://registry.yarnpkg.com/wrappy/-/wrappy-1.0.2.tgz#b5243d8f3ec1aa35f1364605bc0d1036e30ab69f"
  integrity sha1-tSQ9jz7BqjXxNkYFvA0QNuMKtp8=

write-file-atomic@^2.0.0, write-file-atomic@^2.3.0:
  version "2.3.0"
  resolved "https://registry.yarnpkg.com/write-file-atomic/-/write-file-atomic-2.3.0.tgz#1ff61575c2e2a4e8e510d6fa4e243cce183999ab"
  integrity sha512-xuPeK4OdjWqtfi59ylvVL0Yn35SF3zgcAcv7rBPFHVaEapaDr4GdGgm3j7ckTwH9wHL7fGmgfAnb0+THrHb8tA==
  dependencies:
    graceful-fs "^4.1.11"
    imurmurhash "^0.1.4"
    signal-exit "^3.0.2"

write-json-file@^3.0.2:
  version "3.0.2"
  resolved "https://registry.yarnpkg.com/write-json-file/-/write-json-file-3.0.2.tgz#e2eba1a2c88271382198a49e4e8655253e4886e7"
  integrity sha512-VE2pKv0vNAi2xzAYE187/a6Zfe5Y1Pblmeu3gS0sKmdyZgtEqDGUWWjwu5MJ4XzdHTiy4/VBQqoIco3dlJ/diQ==
  dependencies:
    detect-indent "^5.0.0"
    graceful-fs "^4.1.2"
    make-dir "^1.0.0"
    pify "^4.0.0"
    sort-keys "^2.0.0"
    write-file-atomic "^2.0.0"

xtend@~4.0.1:
  version "4.0.1"
  resolved "https://registry.yarnpkg.com/xtend/-/xtend-4.0.1.tgz#a5c6d532be656e23db820efb943a1f04998d63af"
  integrity sha1-pcbVMr5lbiPbgg77lDofBJmNY68=
